
Microsoft Visual Studio Solution File, Format Version 12.00
# Visual Studio Version 17
VisualStudioVersion = 17.2.32526.322
MinimumVisualStudioVersion = 10.0.40219.1
Project("{FAE04EC0-301F-11D3-BF4B-00C04F79EFBC}") = "Classromm", "Classromm\Classromm.csproj", "{18EC0FD5-5E89-4785-B7ED-C3185FC5CEE9}"
EndProject
Global
	GlobalSection(SolutionConfigurationPlatforms) = preSolution
		Debug|Any CPU = Debug|Any CPU
		Release|Any CPU = Release|Any CPU
	EndGlobalSection
	GlobalSection(ProjectConfigurationPlatforms) = postSolution
		{18EC0FD5-5E89-4785-B7ED-C3185FC5CEE9}.Debug|Any CPU.ActiveCfg = Debug|Any CPU
		{18EC0FD5-5E89-4785-B7ED-C3185FC5CEE9}.Debug|Any CPU.Build.0 = Debug|Any CPU
		{18EC0FD5-5E89-4785-B7ED-C3185FC5CEE9}.Release|Any CPU.ActiveCfg = Release|Any CPU
		{18EC0FD5-5E89-4785-B7ED-C3185FC5CEE9}.Release|Any CPU.Build.0 = Release|Any CPU
	EndGlobalSection
	GlobalSection(SolutionProperties) = preSolution
		HideSolutionNode = FALSE
	EndGlobalSection
	GlobalSection(ExtensibilityGlobals) = postSolution
		SolutionGuid = {2E0E59A6-25B9-40AA-A986-2587F757929F}
	EndGlobalSection
EndGlobal
